
Microsoft Visual Studio Solution File, Format Version 12.00
# Visual Studio 14
VisualStudioVersion = 14.0.25420.1
MinimumVisualStudioVersion = 10.0.40219.1
Project("{FAE04EC0-301F-11D3-BF4B-00C04F79EFBC}") = "CCNet.CustomBranch.Plugin", "CCNet.CustomBranch.Plugin\CCNet.CustomBranch.Plugin.csproj", "{81D74703-B5ED-41F0-B9BB-16C75212D2EC}"
EndProject
Project("{FAE04EC0-301F-11D3-BF4B-00C04F79EFBC}") = "ccnet.custombranchcore.plugin", "ccnet.custombranchcore.plugin\ccnet.custombranchcore.plugin.csproj", "{833C5DCB-A601-4E8B-B1D8-451654BA76ED}"
EndProject
Global
	GlobalSection(SolutionConfigurationPlatforms) = preSolution
		Debug|Any CPU = Debug|Any CPU
		Release|Any CPU = Release|Any CPU
	EndGlobalSection
	GlobalSection(ProjectConfigurationPlatforms) = postSolution
		{81D74703-B5ED-41F0-B9BB-16C75212D2EC}.Debug|Any CPU.ActiveCfg = Debug|Any CPU
		{81D74703-B5ED-41F0-B9BB-16C75212D2EC}.Debug|Any CPU.Build.0 = Debug|Any CPU
		{81D74703-B5ED-41F0-B9BB-16C75212D2EC}.Release|Any CPU.ActiveCfg = Release|Any CPU
		{81D74703-B5ED-41F0-B9BB-16C75212D2EC}.Release|Any CPU.Build.0 = Release|Any CPU
		{833C5DCB-A601-4E8B-B1D8-451654BA76ED}.Debug|Any CPU.ActiveCfg = Debug|Any CPU
		{833C5DCB-A601-4E8B-B1D8-451654BA76ED}.Debug|Any CPU.Build.0 = Debug|Any CPU
		{833C5DCB-A601-4E8B-B1D8-451654BA76ED}.Release|Any CPU.ActiveCfg = Release|Any CPU
		{833C5DCB-A601-4E8B-B1D8-451654BA76ED}.Release|Any CPU.Build.0 = Release|Any CPU
	EndGlobalSection
	GlobalSection(SolutionProperties) = preSolution
		HideSolutionNode = FALSE
	EndGlobalSection
EndGlobal
